
Microsoft Visual Studio Solution File, Format Version 12.00
# Visual Studio Version 17
VisualStudioVersion = 17.3.32825.248
MinimumVisualStudioVersion = 10.0.40219.1
Project("{FAE04EC0-301F-11D3-BF4B-00C04F79EFBC}") = "MyFirstConsoleApp", "MyFirstConsoleApp\MyFirstConsoleApp.csproj", "{B6FCDAED-BCBB-4CC5-9A33-70E99687A229}"
EndProject
Global
	GlobalSection(SolutionConfigurationPlatforms) = preSolution
		Debug|Any CPU = Debug|Any CPU
		Release|Any CPU = Release|Any CPU
	EndGlobalSection
	GlobalSection(ProjectConfigurationPlatforms) = postSolution
		{B6FCDAED-BCBB-4CC5-9A33-70E99687A229}.Debug|Any CPU.ActiveCfg = Debug|Any CPU
		{B6FCDAED-BCBB-4CC5-9A33-70E99687A229}.Debug|Any CPU.Build.0 = Debug|Any CPU
		{B6FCDAED-BCBB-4CC5-9A33-70E99687A229}.Release|Any CPU.ActiveCfg = Release|Any CPU
		{B6FCDAED-BCBB-4CC5-9A33-70E99687A229}.Release|Any CPU.Build.0 = Release|Any CPU
	EndGlobalSection
	GlobalSection(SolutionProperties) = preSolution
		HideSolutionNode = FALSE
	EndGlobalSection
	GlobalSection(ExtensibilityGlobals) = postSolution
		SolutionGuid = {8DB2F9C8-325B-45B5-BDC9-022552E38F3A}
	EndGlobalSection
EndGlobal
